// !$*UTF8*$!
{
	archiveVersion = 1;
	classes = {
	};
	objectVersion = 50;
	objects = {

/* Begin PBXBuildFile section */
		B64FB79B209B6867008EE9F5 /* UIViewController+Alert.m in Sources */ = {isa = PBXBuildFile; fileRef = B64FB79A209B6867008EE9F5 /* UIViewController+Alert.m */; };
		B66ABBAC209B622700CBBA0E /* AppDelegate.m in Sources */ = {isa = PBXBuildFile; fileRef = B66ABBAB209B622700CBBA0E /* AppDelegate.m */; };
		B66ABBAF209B622700CBBA0E /* ViewController.m in Sources */ = {isa = PBXBuildFile; fileRef = B66ABBAE209B622700CBBA0E /* ViewController.m */; };
		B66ABBB2209B622700CBBA0E /* Main.storyboard in Resources */ = {isa = PBXBuildFile; fileRef = B66ABBB0209B622700CBBA0E /* Main.storyboard */; };
		B66ABBB4209B622B00CBBA0E /* Assets.xcassets in Resources */ = {isa = PBXBuildFile; fileRef = B66ABBB3209B622B00CBBA0E /* Assets.xcassets */; };
		B66ABBB7209B622B00CBBA0E /* LaunchScreen.storyboard in Resources */ = {isa = PBXBuildFile; fileRef = B66ABBB5209B622B00CBBA0E /* LaunchScreen.storyboard */; };
		B66ABBBA209B622B00CBBA0E /* main.m in Sources */ = {isa = PBXBuildFile; fileRef = B66ABBB9209B622B00CBBA0E /* main.m */; };
		B66ABBC4209B622B00CBBA0E /* ios_objc_utilsTests.m in Sources */ = {isa = PBXBuildFile; fileRef = B66ABBC3209B622B00CBBA0E /* ios_objc_utilsTests.m */; };
		B66ABBCF209B622B00CBBA0E /* ios_objc_utilsUITests.m in Sources */ = {isa = PBXBuildFile; fileRef = B66ABBCE209B622B00CBBA0E /* ios_objc_utilsUITests.m */; };
/* End PBXBuildFile section */

/* Begin PBXContainerItemProxy section */
		B66ABBC0209B622B00CBBA0E /* PBXContainerItemProxy */ = {
			isa = PBXContainerItemProxy;
			containerPortal = B66ABB9F209B622700CBBA0E /* Project object */;
			proxyType = 1;
			remoteGlobalIDString = B66ABBA6209B622700CBBA0E;
			remoteInfo = "ios-objc-utils";
		};
		B66ABBCB209B622B00CBBA0E /* PBXContainerItemProxy */ = {
			isa = PBXContainerItemProxy;
			containerPortal = B66ABB9F209B622700CBBA0E /* Project object */;
			proxyType = 1;
			remoteGlobalIDString = B66ABBA6209B622700CBBA0E;
			remoteInfo = "ios-objc-utils";
		};
/* End PBXContainerItemProxy section */

/* Begin PBXFileReference section */
		B64FB799209B6867008EE9F5 /* UIViewController+Alert.h */ = {isa = PBXFileReference; lastKnownFileType = sourcecode.c.h; path = "UIViewController+Alert.h"; sourceTree = "<group>"; };
		B64FB79A209B6867008EE9F5 /* UIViewController+Alert.m */ = {isa = PBXFileReference; lastKnownFileType = sourcecode.c.objc; path = "UIViewController+Alert.m"; sourceTree = "<group>"; };
		B64FB79C209B6D0B008EE9F5 /* ios-objc-utils.pch */ = {isa = PBXFileReference; lastKnownFileType = sourcecode.c.h; path = "ios-objc-utils.pch"; sourceTree = "<group>"; };
		B66ABBA7209B622700CBBA0E /* ios-objc-utils.app */ = {isa = PBXFileReference; explicitFileType = wrapper.application; includeInIndex = 0; path = "ios-objc-utils.app"; sourceTree = BUILT_PRODUCTS_DIR; };
		B66ABBAA209B622700CBBA0E /* AppDelegate.h */ = {isa = PBXFileReference; lastKnownFileType = sourcecode.c.h; path = AppDelegate.h; sourceTree = "<group>"; };
		B66ABBAB209B622700CBBA0E /* AppDelegate.m */ = {isa = PBXFileReference; lastKnownFileType = sourcecode.c.objc; path = AppDelegate.m; sourceTree = "<group>"; };
		B66ABBAD209B622700CBBA0E /* ViewController.h */ = {isa = PBXFileReference; lastKnownFileType = sourcecode.c.h; path = ViewController.h; sourceTree = "<group>"; };
		B66ABBAE209B622700CBBA0E /* ViewController.m */ = {isa = PBXFileReference; lastKnownFileType = sourcecode.c.objc; path = ViewController.m; sourceTree = "<group>"; };
		B66ABBB1209B622700CBBA0E /* Base */ = {isa = PBXFileReference; lastKnownFileType = file.storyboard; name = Base; path = Base.lproj/Main.storyboard; sourceTree = "<group>"; };
		B66ABBB3209B622B00CBBA0E /* Assets.xcassets */ = {isa = PBXFileReference; lastKnownFileType = folder.assetcatalog; path = Assets.xcassets; sourceTree = "<group>"; };
		B66ABBB6209B622B00CBBA0E /* Base */ = {isa = PBXFileReference; lastKnownFileType = file.storyboard; name = Base; path = Base.lproj/LaunchScreen.storyboard; sourceTree = "<group>"; };
		B66ABBB8209B622B00CBBA0E /* Info.plist */ = {isa = PBXFileReference; lastKnownFileType = text.plist.xml; path = Info.plist; sourceTree = "<group>"; };
		B66ABBB9209B622B00CBBA0E /* main.m */ = {isa = PBXFileReference; lastKnownFileType = sourcecode.c.objc; path = main.m; sourceTree = "<group>"; };
		B66ABBBF209B622B00CBBA0E /* ios-objc-utilsTests.xctest */ = {isa = PBXFileReference; explicitFileType = wrapper.cfbundle; includeInIndex = 0; path = "ios-objc-utilsTests.xctest"; sourceTree = BUILT_PRODUCTS_DIR; };
		B66ABBC3209B622B00CBBA0E /* ios_objc_utilsTests.m */ = {isa = PBXFileReference; lastKnownFileType = sourcecode.c.objc; path = ios_objc_utilsTests.m; sourceTree = "<group>"; };
		B66ABBC5209B622B00CBBA0E /* Info.plist */ = {isa = PBXFileReference; lastKnownFileType = text.plist.xml; path = Info.plist; sourceTree = "<group>"; };
		B66ABBCA209B622B00CBBA0E /* ios-objc-utilsUITests.xctest */ = {isa = PBXFileReference; explicitFileType = wrapper.cfbundle; includeInIndex = 0; path = "ios-objc-utilsUITests.xctest"; sourceTree = BUILT_PRODUCTS_DIR; };
		B66ABBCE209B622B00CBBA0E /* ios_objc_utilsUITests.m */ = {isa = PBXFileReference; lastKnownFileType = sourcecode.c.objc; path = ios_objc_utilsUITests.m; sourceTree = "<group>"; };
		B66ABBD0209B622B00CBBA0E /* Info.plist */ = {isa = PBXFileReference; lastKnownFileType = text.plist.xml; path = Info.plist; sourceTree = "<group>"; };
/* End PBXFileReference section */

/* Begin PBXFrameworksBuildPhase section */
		B66ABBA4209B622700CBBA0E /* Frameworks */ = {
			isa = PBXFrameworksBuildPhase;
			buildActionMask = 2147483647;
			files = (
			);
			runOnlyForDeploymentPostprocessing = 0;
		};
		B66ABBBC209B622B00CBBA0E /* Frameworks */ = {
			isa = PBXFrameworksBuildPhase;
			buildActionMask = 2147483647;
			files = (
			);
			runOnlyForDeploymentPostprocessing = 0;
		};
		B66ABBC7209B622B00CBBA0E /* Frameworks */ = {
			isa = PBXFrameworksBuildPhase;
			buildActionMask = 2147483647;
			files = (
			);
			runOnlyForDeploymentPostprocessing = 0;
		};
/* End PBXFrameworksBuildPhase section */

/* Begin PBXGroup section */
		B66ABB9E209B622700CBBA0E = {
			isa = PBXGroup;
			children = (
				B66ABBA9209B622700CBBA0E /* ios-objc-utils */,
				B66ABBC2209B622B00CBBA0E /* ios-objc-utilsTests */,
				B66ABBCD209B622B00CBBA0E /* ios-objc-utilsUITests */,
				B66ABBA8209B622700CBBA0E /* Products */,
			);
			sourceTree = "<group>";
		};
		B66ABBA8209B622700CBBA0E /* Products */ = {
			isa = PBXGroup;
			children = (
				B66ABBA7209B622700CBBA0E /* ios-objc-utils.app */,
				B66ABBBF209B622B00CBBA0E /* ios-objc-utilsTests.xctest */,
				B66ABBCA209B622B00CBBA0E /* ios-objc-utilsUITests.xctest */,
			);
			name = Products;
			sourceTree = "<group>";
		};
		B66ABBA9209B622700CBBA0E /* ios-objc-utils */ = {
			isa = PBXGroup;
			children = (
				B66ABBDC209B62B100CBBA0E /* Categories */,
				B66ABBDE209B632500CBBA0E /* ViewControllers */,
				B66ABBDD209B62D500CBBA0E /* Others */,
			);
			path = "ios-objc-utils";
			sourceTree = "<group>";
		};
		B66ABBC2209B622B00CBBA0E /* ios-objc-utilsTests */ = {
			isa = PBXGroup;
			children = (
				B66ABBC3209B622B00CBBA0E /* ios_objc_utilsTests.m */,
				B66ABBC5209B622B00CBBA0E /* Info.plist */,
			);
			path = "ios-objc-utilsTests";
			sourceTree = "<group>";
		};
		B66ABBCD209B622B00CBBA0E /* ios-objc-utilsUITests */ = {
			isa = PBXGroup;
			children = (
				B66ABBCE209B622B00CBBA0E /* ios_objc_utilsUITests.m */,
				B66ABBD0209B622B00CBBA0E /* Info.plist */,
			);
			path = "ios-objc-utilsUITests";
			sourceTree = "<group>";
		};
		B66ABBDC209B62B100CBBA0E /* Categories */ = {
			isa = PBXGroup;
			children = (
				B66ABBDF209B642400CBBA0E /* UIKit */,
			);
			path = Categories;
			sourceTree = "<group>";
		};
		B66ABBDD209B62D500CBBA0E /* Others */ = {
			isa = PBXGroup;
			children = (
				B66ABBAA209B622700CBBA0E /* AppDelegate.h */,
				B66ABBAB209B622700CBBA0E /* AppDelegate.m */,
				B66ABBB3209B622B00CBBA0E /* Assets.xcassets */,
				B66ABBB8209B622B00CBBA0E /* Info.plist */,
				B64FB79C209B6D0B008EE9F5 /* ios-objc-utils.pch */,
				B66ABBB9209B622B00CBBA0E /* main.m */,
			);
			path = Others;
			sourceTree = "<group>";
		};
		B66ABBDE209B632500CBBA0E /* ViewControllers */ = {
			isa = PBXGroup;
			children = (
				B66ABBAD209B622700CBBA0E /* ViewController.h */,
				B66ABBAE209B622700CBBA0E /* ViewController.m */,
				B66ABBB0209B622700CBBA0E /* Main.storyboard */,
				B66ABBB5209B622B00CBBA0E /* LaunchScreen.storyboard */,
			);
			path = ViewControllers;
			sourceTree = "<group>";
		};
		B66ABBDF209B642400CBBA0E /* UIKit */ = {
			isa = PBXGroup;
			children = (
				B64FB799209B6867008EE9F5 /* UIViewController+Alert.h */,
				B64FB79A209B6867008EE9F5 /* UIViewController+Alert.m */,
			);
			path = UIKit;
			sourceTree = "<group>";
		};
/* End PBXGroup section */

/* Begin PBXNativeTarget section */
		B66ABBA6209B622700CBBA0E /* ios-objc-utils */ = {
			isa = PBXNativeTarget;
			buildConfigurationList = B66ABBD3209B622B00CBBA0E /* Build configuration list for PBXNativeTarget "ios-objc-utils" */;
			buildPhases = (
				B66ABBA3209B622700CBBA0E /* Sources */,
				B66ABBA4209B622700CBBA0E /* Frameworks */,
				B66ABBA5209B622700CBBA0E /* Resources */,
			);
			buildRules = (
			);
			dependencies = (
			);
			name = "ios-objc-utils";
			productName = "ios-objc-utils";
			productReference = B66ABBA7209B622700CBBA0E /* ios-objc-utils.app */;
			productType = "com.apple.product-type.application";
		};
		B66ABBBE209B622B00CBBA0E /* ios-objc-utilsTests */ = {
			isa = PBXNativeTarget;
			buildConfigurationList = B66ABBD6209B622B00CBBA0E /* Build configuration list for PBXNativeTarget "ios-objc-utilsTests" */;
			buildPhases = (
				B66ABBBB209B622B00CBBA0E /* Sources */,
				B66ABBBC209B622B00CBBA0E /* Frameworks */,
				B66ABBBD209B622B00CBBA0E /* Resources */,
			);
			buildRules = (
			);
			dependencies = (
				B66ABBC1209B622B00CBBA0E /* PBXTargetDependency */,
			);
			name = "ios-objc-utilsTests";
			productName = "ios-objc-utilsTests";
			productReference = B66ABBBF209B622B00CBBA0E /* ios-objc-utilsTests.xctest */;
			productType = "com.apple.product-type.bundle.unit-test";
		};
		B66ABBC9209B622B00CBBA0E /* ios-objc-utilsUITests */ = {
			isa = PBXNativeTarget;
			buildConfigurationList = B66ABBD9209B622B00CBBA0E /* Build configuration list for PBXNativeTarget "ios-objc-utilsUITests" */;
			buildPhases = (
				B66ABBC6209B622B00CBBA0E /* Sources */,
				B66ABBC7209B622B00CBBA0E /* Frameworks */,
				B66ABBC8209B622B00CBBA0E /* Resources */,
			);
			buildRules = (
			);
			dependencies = (
				B66ABBCC209B622B00CBBA0E /* PBXTargetDependency */,
			);
			name = "ios-objc-utilsUITests";
			productName = "ios-objc-utilsUITests";
			productReference = B66ABBCA209B622B00CBBA0E /* ios-objc-utilsUITests.xctest */;
			productType = "com.apple.product-type.bundle.ui-testing";
		};
/* End PBXNativeTarget section */

/* Begin PBXProject section */
		B66ABB9F209B622700CBBA0E /* Project object */ = {
			isa = PBXProject;
			attributes = {
				LastUpgradeCheck = 0930;
				ORGANIZATIONNAME = OkuderaYuki;
				TargetAttributes = {
					B66ABBA6209B622700CBBA0E = {
						CreatedOnToolsVersion = 9.3;
					};
					B66ABBBE209B622B00CBBA0E = {
						CreatedOnToolsVersion = 9.3;
						TestTargetID = B66ABBA6209B622700CBBA0E;
					};
					B66ABBC9209B622B00CBBA0E = {
						CreatedOnToolsVersion = 9.3;
						TestTargetID = B66ABBA6209B622700CBBA0E;
					};
				};
			};
			buildConfigurationList = B66ABBA2209B622700CBBA0E /* Build configuration list for PBXProject "ios-objc-utils" */;
			compatibilityVersion = "Xcode 9.3";
			developmentRegion = en;
			hasScannedForEncodings = 0;
			knownRegions = (
				en,
				Base,
			);
			mainGroup = B66ABB9E209B622700CBBA0E;
			productRefGroup = B66ABBA8209B622700CBBA0E /* Products */;
			projectDirPath = "";
			projectRoot = "";
			targets = (
				B66ABBA6209B622700CBBA0E /* ios-objc-utils */,
				B66ABBBE209B622B00CBBA0E /* ios-objc-utilsTests */,
				B66ABBC9209B622B00CBBA0E /* ios-objc-utilsUITests */,
			);
		};
/* End PBXProject section */

/* Begin PBXResourcesBuildPhase section */
		B66ABBA5209B622700CBBA0E /* Resources */ = {
			isa = PBXResourcesBuildPhase;
			buildActionMask = 2147483647;
			files = (
				B66ABBB7209B622B00CBBA0E /* LaunchScreen.storyboard in Resources */,
				B66ABBB4209B622B00CBBA0E /* Assets.xcassets in Resources */,
				B66ABBB2209B622700CBBA0E /* Main.storyboard in Resources */,
			);
			runOnlyForDeploymentPostprocessing = 0;
		};
		B66ABBBD209B622B00CBBA0E /* Resources */ = {
			isa = PBXResourcesBuildPhase;
			buildActionMask = 2147483647;
			files = (
			);
			runOnlyForDeploymentPostprocessing = 0;
		};
		B66ABBC8209B622B00CBBA0E /* Resources */ = {
			isa = PBXResourcesBuildPhase;
			buildActionMask = 2147483647;
			files = (
			);
			runOnlyForDeploymentPostprocessing = 0;
		};
/* End PBXResourcesBuildPhase section */

/* Begin PBXSourcesBuildPhase section */
		B66ABBA3209B622700CBBA0E /* Sources */ = {
			isa = PBXSourcesBuildPhase;
			buildActionMask = 2147483647;
			files = (
				B66ABBAF209B622700CBBA0E /* ViewController.m in Sources */,
				B66ABBBA209B622B00CBBA0E /* main.m in Sources */,
				B66ABBAC209B622700CBBA0E /* AppDelegate.m in Sources */,
				B64FB79B209B6867008EE9F5 /* UIViewController+Alert.m in Sources */,
			);
			runOnlyForDeploymentPostprocessing = 0;
		};
		B66ABBBB209B622B00CBBA0E /* Sources */ = {
			isa = PBXSourcesBuildPhase;
			buildActionMask = 2147483647;
			files = (
				B66ABBC4209B622B00CBBA0E /* ios_objc_utilsTests.m in Sources */,
			);
			runOnlyForDeploymentPostprocessing = 0;
		};
		B66ABBC6209B622B00CBBA0E /* Sources */ = {
			isa = PBXSourcesBuildPhase;
			buildActionMask = 2147483647;
			files = (
				B66ABBCF209B622B00CBBA0E /* ios_objc_utilsUITests.m in Sources */,
			);
			runOnlyForDeploymentPostprocessing = 0;
		};
/* End PBXSourcesBuildPhase section */

/* Begin PBXTargetDependency section */
		B66ABBC1209B622B00CBBA0E /* PBXTargetDependency */ = {
			isa = PBXTargetDependency;
			target = B66ABBA6209B622700CBBA0E /* ios-objc-utils */;
			targetProxy = B66ABBC0209B622B00CBBA0E /* PBXContainerItemProxy */;
		};
		B66ABBCC209B622B00CBBA0E /* PBXTargetDependency */ = {
			isa = PBXTargetDependency;
			target = B66ABBA6209B622700CBBA0E /* ios-objc-utils */;
			targetProxy = B66ABBCB209B622B00CBBA0E /* PBXContainerItemProxy */;
		};
/* End PBXTargetDependency section */

/* Begin PBXVariantGroup section */
		B66ABBB0209B622700CBBA0E /* Main.storyboard */ = {
			isa = PBXVariantGroup;
			children = (
				B66ABBB1209B622700CBBA0E /* Base */,
			);
			name = Main.storyboard;
			sourceTree = "<group>";
		};
		B66ABBB5209B622B00CBBA0E /* LaunchScreen.storyboard */ = {
			isa = PBXVariantGroup;
			children = (
				B66ABBB6209B622B00CBBA0E /* Base */,
			);
			name = LaunchScreen.storyboard;
			sourceTree = "<group>";
		};
/* End PBXVariantGroup section */

/* Begin XCBuildConfiguration section */
		B66ABBD1209B622B00CBBA0E /* Debug */ = {
			isa = XCBuildConfiguration;
			buildSettings = {
				ALWAYS_SEARCH_USER_PATHS = NO;
				CLANG_ANALYZER_NONNULL = YES;
				CLANG_ANALYZER_NUMBER_OBJECT_CONVERSION = YES_AGGRESSIVE;
				CLANG_CXX_LANGUAGE_STANDARD = "gnu++14";
				CLANG_CXX_LIBRARY = "libc++";
				CLANG_ENABLE_MODULES = YES;
				CLANG_ENABLE_OBJC_ARC = YES;
				CLANG_ENABLE_OBJC_WEAK = YES;
				CLANG_WARN_BLOCK_CAPTURE_AUTORELEASING = YES;
				CLANG_WARN_BOOL_CONVERSION = YES;
				CLANG_WARN_COMMA = YES;
				CLANG_WARN_CONSTANT_CONVERSION = YES;
				CLANG_WARN_DEPRECATED_OBJC_IMPLEMENTATIONS = YES;
				CLANG_WARN_DIRECT_OBJC_ISA_USAGE = YES_ERROR;
				CLANG_WARN_DOCUMENTATION_COMMENTS = YES;
				CLANG_WARN_EMPTY_BODY = YES;
				CLANG_WARN_ENUM_CONVERSION = YES;
				CLANG_WARN_INFINITE_RECURSION = YES;
				CLANG_WARN_INT_CONVERSION = YES;
				CLANG_WARN_NON_LITERAL_NULL_CONVERSION = YES;
				CLANG_WARN_OBJC_IMPLICIT_RETAIN_SELF = YES;
				CLANG_WARN_OBJC_LITERAL_CONVERSION = YES;
				CLANG_WARN_OBJC_ROOT_CLASS = YES_ERROR;
				CLANG_WARN_RANGE_LOOP_ANALYSIS = YES;
				CLANG_WARN_STRICT_PROTOTYPES = YES;
				CLANG_WARN_SUSPICIOUS_MOVE = YES;
				CLANG_WARN_UNGUARDED_AVAILABILITY = YES_AGGRESSIVE;
				CLANG_WARN_UNREACHABLE_CODE = YES;
				CLANG_WARN__DUPLICATE_METHOD_MATCH = YES;
				CODE_SIGN_IDENTITY = "iPhone Developer";
				COPY_PHASE_STRIP = NO;
				DEBUG_INFORMATION_FORMAT = dwarf;
				ENABLE_STRICT_OBJC_MSGSEND = YES;
				ENABLE_TESTABILITY = YES;
				GCC_C_LANGUAGE_STANDARD = gnu11;
				GCC_DYNAMIC_NO_PIC = NO;
				GCC_NO_COMMON_BLOCKS = YES;
				GCC_OPTIMIZATION_LEVEL = 0;
				GCC_PREPROCESSOR_DEFINITIONS = (
					"DEBUG=1",
					"$(inherited)",
				);
				GCC_WARN_64_TO_32_BIT_CONVERSION = YES;
				GCC_WARN_ABOUT_RETURN_TYPE = YES_ERROR;
				GCC_WARN_UNDECLARED_SELECTOR = YES;
				GCC_WARN_UNINITIALIZED_AUTOS = YES_AGGRESSIVE;
				GCC_WARN_UNUSED_FUNCTION = YES;
				GCC_WARN_UNUSED_VARIABLE = YES;
				IPHONEOS_DEPLOYMENT_TARGET = 11.3;
				MTL_ENABLE_DEBUG_INFO = YES;
				ONLY_ACTIVE_ARCH = YES;
				SDKROOT = iphoneos;
			};
			name = Debug;
		};
		B66ABBD2209B622B00CBBA0E /* Release */ = {
			isa = XCBuildConfiguration;
			buildSettings = {
				ALWAYS_SEARCH_USER_PATHS = NO;
				CLANG_ANALYZER_NONNULL = YES;
				CLANG_ANALYZER_NUMBER_OBJECT_CONVERSION = YES_AGGRESSIVE;
				CLANG_CXX_LANGUAGE_STANDARD = "gnu++14";
				CLANG_CXX_LIBRARY = "libc++";
				CLANG_ENABLE_MODULES = YES;
				CLANG_ENABLE_OBJC_ARC = YES;
				CLANG_ENABLE_OBJC_WEAK = YES;
				CLANG_WARN_BLOCK_CAPTURE_AUTORELEASING = YES;
				CLANG_WARN_BOOL_CONVERSION = YES;
				CLANG_WARN_COMMA = YES;
				CLANG_WARN_CONSTANT_CONVERSION = YES;
				CLANG_WARN_DEPRECATED_OBJC_IMPLEMENTATIONS = YES;
				CLANG_WARN_DIRECT_OBJC_ISA_USAGE = YES_ERROR;
				CLANG_WARN_DOCUMENTATION_COMMENTS = YES;
				CLANG_WARN_EMPTY_BODY = YES;
				CLANG_WARN_ENUM_CONVERSION = YES;
				CLANG_WARN_INFINITE_RECURSION = YES;
				CLANG_WARN_INT_CONVERSION = YES;
				CLANG_WARN_NON_LITERAL_NULL_CONVERSION = YES;
				CLANG_WARN_OBJC_IMPLICIT_RETAIN_SELF = YES;
				CLANG_WARN_OBJC_LITERAL_CONVERSION = YES;
				CLANG_WARN_OBJC_ROOT_CLASS = YES_ERROR;
				CLANG_WARN_RANGE_LOOP_ANALYSIS = YES;
				CLANG_WARN_STRICT_PROTOTYPES = YES;
				CLANG_WARN_SUSPICIOUS_MOVE = YES;
				CLANG_WARN_UNGUARDED_AVAILABILITY = YES_AGGRESSIVE;
				CLANG_WARN_UNREACHABLE_CODE = YES;
				CLANG_WARN__DUPLICATE_METHOD_MATCH = YES;
				CODE_SIGN_IDENTITY = "iPhone Developer";
				COPY_PHASE_STRIP = NO;
				DEBUG_INFORMATION_FORMAT = "dwarf-with-dsym";
				ENABLE_NS_ASSERTIONS = NO;
				ENABLE_STRICT_OBJC_MSGSEND = YES;
				GCC_C_LANGUAGE_STANDARD = gnu11;
				GCC_NO_COMMON_BLOCKS = YES;
				GCC_WARN_64_TO_32_BIT_CONVERSION = YES;
				GCC_WARN_ABOUT_RETURN_TYPE = YES_ERROR;
				GCC_WARN_UNDECLARED_SELECTOR = YES;
				GCC_WARN_UNINITIALIZED_AUTOS = YES_AGGRESSIVE;
				GCC_WARN_UNUSED_FUNCTION = YES;
				GCC_WARN_UNUSED_VARIABLE = YES;
				IPHONEOS_DEPLOYMENT_TARGET = 11.3;
				MTL_ENABLE_DEBUG_INFO = NO;
				SDKROOT = iphoneos;
				VALIDATE_PRODUCT = YES;
			};
			name = Release;
		};
		B66ABBD4209B622B00CBBA0E /* Debug */ = {
			isa = XCBuildConfiguration;
			buildSettings = {
				ASSETCATALOG_COMPILER_APPICON_NAME = AppIcon;
				CODE_SIGN_STYLE = Automatic;
				DEVELOPMENT_TEAM = PCCZJUYRT6;
				GCC_PREFIX_HEADER = "$(SRCROOT)/ios-objc-utils/Others/ios-objc-utils.pch";
				INFOPLIST_FILE = "$(SRCROOT)/ios-objc-utils/Others/Info.plist";
				LD_RUNPATH_SEARCH_PATHS = (
					"$(inherited)",
					"@executable_path/Frameworks",
				);
				PRODUCT_BUNDLE_IDENTIFIER = "jp.st-ventures.ios-objc-utils";
				PRODUCT_NAME = "$(TARGET_NAME)";
				TARGETED_DEVICE_FAMILY = "1,2";
			};
			name = Debug;
		};
		B66ABBD5209B622B00CBBA0E /* Release */ = {
			isa = XCBuildConfiguration;
			buildSettings = {
				ASSETCATALOG_COMPILER_APPICON_NAME = AppIcon;
				CODE_SIGN_STYLE = Automatic;
				DEVELOPMENT_TEAM = PCCZJUYRT6;
				GCC_PREFIX_HEADER = "$(SRCROOT)/ios-objc-utils/Others/ios-objc-utils.pch";
				INFOPLIST_FILE = "$(SRCROOT)/ios-objc-utils/Others/Info.plist";
				LD_RUNPATH_SEARCH_PATHS = (
					"$(inherited)",
					"@executable_path/Frameworks",
				);
				PRODUCT_BUNDLE_IDENTIFIER = "jp.st-ventures.ios-objc-utils";
				PRODUCT_NAME = "$(TARGET_NAME)";
				TARGETED_DEVICE_FAMILY = "1,2";
			};
			name = Release;
		};
		B66ABBD7209B622B00CBBA0E /* Debug */ = {
			isa = XCBuildConfiguration;
			buildSettings = {
				BUNDLE_LOADER = "$(TEST_HOST)";
				CODE_SIGN_STYLE = Automatic;
				DEVELOPMENT_TEAM = PCCZJUYRT6;
				INFOPLIST_FILE = "ios-objc-utilsTests/Info.plist";
				LD_RUNPATH_SEARCH_PATHS = (
					"$(inherited)",
					"@executable_path/Frameworks",
					"@loader_path/Frameworks",
				);
				PRODUCT_BUNDLE_IDENTIFIER = "jp.st-ventures.ios-objc-utilsTests";
				PRODUCT_NAME = "$(TARGET_NAME)";
				TARGETED_DEVICE_FAMILY = "1,2";
				TEST_HOST = "$(BUILT_PRODUCTS_DIR)/ios-objc-utils.app/ios-objc-utils";
			};
			name = Debug;
		};
		B66ABBD8209B622B00CBBA0E /* Release */ = {
			isa = XCBuildConfiguration;
			buildSettings = {
				BUNDLE_LOADER = "$(TEST_HOST)";
				CODE_SIGN_STYLE = Automatic;
				DEVELOPMENT_TEAM = PCCZJUYRT6;
				INFOPLIST_FILE = "ios-objc-utilsTests/Info.plist";
				LD_RUNPATH_SEARCH_PATHS = (
					"$(inherited)",
					"@executable_path/Frameworks",
					"@loader_path/Frameworks",
				);
				PRODUCT_BUNDLE_IDENTIFIER = "jp.st-ventures.ios-objc-utilsTests";
				PRODUCT_NAME = "$(TARGET_NAME)";
				TARGETED_DEVICE_FAMILY = "1,2";
				TEST_HOST = "$(BUILT_PRODUCTS_DIR)/ios-objc-utils.app/ios-objc-utils";
			};
			name = Release;
		};
		B66ABBDA209B622B00CBBA0E /* Debug */ = {
			isa = XCBuildConfiguration;
			buildSettings = {
				CODE_SIGN_STYLE = Automatic;
				DEVELOPMENT_TEAM = PCCZJUYRT6;
				INFOPLIST_FILE = "ios-objc-utilsUITests/Info.plist";
				LD_RUNPATH_SEARCH_PATHS = (
					"$(inherited)",
					"@executable_path/Frameworks",
					"@loader_path/Frameworks",
				);
				PRODUCT_BUNDLE_IDENTIFIER = "jp.st-ventures.ios-objc-utilsUITests";
				PRODUCT_NAME = "$(TARGET_NAME)";
				TARGETED_DEVICE_FAMILY = "1,2";
				TEST_TARGET_NAME = "ios-objc-utils";
			};
			name = Debug;
		};
		B66ABBDB209B622B00CBBA0E /* Release */ = {
			isa = XCBuildConfiguration;
			buildSettings = {
				CODE_SIGN_STYLE = Automatic;
				DEVELOPMENT_TEAM = PCCZJUYRT6;
				INFOPLIST_FILE = "ios-objc-utilsUITests/Info.plist";
				LD_RUNPATH_SEARCH_PATHS = (
					"$(inherited)",
					"@executable_path/Frameworks",
					"@loader_path/Frameworks",
				);
				PRODUCT_BUNDLE_IDENTIFIER = "jp.st-ventures.ios-objc-utilsUITests";
				PRODUCT_NAME = "$(TARGET_NAME)";
				TARGETED_DEVICE_FAMILY = "1,2";
				TEST_TARGET_NAME = "ios-objc-utils";
			};
			name = Release;
		};
/* End XCBuildConfiguration section */

/* Begin XCConfigurationList section */
		B66ABBA2209B622700CBBA0E /* Build configuration list for PBXProject "ios-objc-utils" */ = {
			isa = XCConfigurationList;
			buildConfigurations = (
				B66ABBD1209B622B00CBBA0E /* Debug */,
				B66ABBD2209B622B00CBBA0E /* Release */,
			);
			defaultConfigurationIsVisible = 0;
			defaultConfigurationName = Release;
		};
		B66ABBD3209B622B00CBBA0E /* Build configuration list for PBXNativeTarget "ios-objc-utils" */ = {
			isa = XCConfigurationList;
			buildConfigurations = (
				B66ABBD4209B622B00CBBA0E /* Debug */,
				B66ABBD5209B622B00CBBA0E /* Release */,
			);
			defaultConfigurationIsVisible = 0;
			defaultConfigurationName = Release;
		};
		B66ABBD6209B622B00CBBA0E /* Build configuration list for PBXNativeTarget "ios-objc-utilsTests" */ = {
			isa = XCConfigurationList;
			buildConfigurations = (
				B66ABBD7209B622B00CBBA0E /* Debug */,
				B66ABBD8209B622B00CBBA0E /* Release */,
			);
			defaultConfigurationIsVisible = 0;
			defaultConfigurationName = Release;
		};
		B66ABBD9209B622B00CBBA0E /* Build configuration list for PBXNativeTarget "ios-objc-utilsUITests" */ = {
			isa = XCConfigurationList;
			buildConfigurations = (
				B66ABBDA209B622B00CBBA0E /* Debug */,
				B66ABBDB209B622B00CBBA0E /* Release */,
			);
			defaultConfigurationIsVisible = 0;
			defaultConfigurationName = Release;
		};
/* End XCConfigurationList section */
	};
	rootObject = B66ABB9F209B622700CBBA0E /* Project object */;
}
